{
  "version": 4,
  "terraform_version": "1.2.2",
  "serial": 53,
  "lineage": "a01d700e-1906-d95c-0ddd-df917c50fba5",
  "outputs": {
    "vm_id": {
      "value": "/subscriptions/e8ec2c3f-9657-4da9-a8c6-d469e49d6608/resourceGroups/nginx-rg/providers/Microsoft.Compute/virtualMachines/linuxvm019",
      "type": "string"
    },
    "vm_ip": {
      "value": "20.101.104.37",
      "type": "string"
    }
  },
  "resources": [
    {
      "mode": "managed",
      "type": "azurerm_linux_virtual_machine",
      "name": "linuxvm",
      "provider": "provider[\"registry.terraform.io/hashicorp/azurerm\"]",
      "instances": [
        {
          "schema_version": 0,
          "attributes": {
            "additional_capabilities": [],
            "admin_password": "Password1234!!",
            "admin_ssh_key": [],
            "admin_username": "testadmin",
            "allow_extension_operations": true,
            "availability_set_id": "",
            "boot_diagnostics": [],
            "computer_name": "linuxvm019",
            "custom_data": null,
            "dedicated_host_id": "",
            "disable_password_authentication": false,
            "encryption_at_host_enabled": false,
            "eviction_policy": "",
            "extensions_time_budget": "PT1H30M",
            "id": "/subscriptions/e8ec2c3f-9657-4da9-a8c6-d469e49d6608/resourceGroups/nginx-rg/providers/Microsoft.Compute/virtualMachines/linuxvm019",
            "identity": [],
            "license_type": "",
            "location": "westeurope",
            "max_bid_price": -1,
            "name": "linuxvm019",
            "network_interface_ids": [
              "/subscriptions/e8ec2c3f-9657-4da9-a8c6-d469e49d6608/resourceGroups/nginx-rg/providers/Microsoft.Network/networkInterfaces/nicprod019"
            ],
            "os_disk": [
              {
                "caching": "ReadWrite",
                "diff_disk_settings": [],
                "disk_encryption_set_id": "",
                "disk_size_gb": 30,
                "name": "myOsDisk",
                "storage_account_type": "Standard_LRS",
                "write_accelerator_enabled": false
              }
            ],
            "plan": [],
            "platform_fault_domain": -1,
            "priority": "Regular",
            "private_ip_address": "10.0.1.4",
            "private_ip_addresses": [
              "10.0.1.4"
            ],
            "provision_vm_agent": true,
            "proximity_placement_group_id": "",
            "public_ip_address": "20.101.104.37",
            "public_ip_addresses": [
              "20.101.104.37"
            ],
            "resource_group_name": "nginx-rg",
            "secret": [],
            "size": "Standard_DS1_v2",
            "source_image_id": "",
            "source_image_reference": [
              {
                "offer": "UbuntuServer",
                "publisher": "Canonical",
                "sku": "18.04-LTS",
                "version": "latest"
              }
            ],
            "tags": {
              "environment": "test"
            },
            "timeouts": null,
            "virtual_machine_id": "346fa24d-0a23-4831-8c40-02a64db33725",
            "virtual_machine_scale_set_id": "",
            "zone": ""
          },
          "sensitive_attributes": [],
          "private": "eyJlMmJmYjczMC1lY2FhLTExZTYtOGY4OC0zNDM2M2JjN2M0YzAiOnsiY3JlYXRlIjoyNzAwMDAwMDAwMDAwLCJkZWxldGUiOjI3MDAwMDAwMDAwMDAsInJlYWQiOjMwMDAwMDAwMDAwMCwidXBkYXRlIjoyNzAwMDAwMDAwMDAwfX0=",
          "dependencies": [
            "azurerm_network_interface.nic",
            "azurerm_public_ip.public_ip",
            "azurerm_resource_group.rg",
            "azurerm_subnet.subnet",
            "azurerm_virtual_network.vnet"
          ]
        }
      ]
    },
    {
      "mode": "managed",
      "type": "azurerm_network_interface",
      "name": "nic",
      "provider": "provider[\"registry.terraform.io/hashicorp/azurerm\"]",
      "instances": [
        {
          "schema_version": 0,
          "attributes": {
            "applied_dns_servers": [],
            "dns_servers": [],
            "enable_accelerated_networking": false,
            "enable_ip_forwarding": false,
            "id": "/subscriptions/e8ec2c3f-9657-4da9-a8c6-d469e49d6608/resourceGroups/nginx-rg/providers/Microsoft.Network/networkInterfaces/nicprod019",
            "internal_dns_name_label": "",
            "internal_domain_name_suffix": "klb0msdsivlejnz5vnl1gaovmh.ax.internal.cloudapp.net",
            "ip_configuration": [
              {
                "name": "myNicConfiguration",
                "primary": true,
                "private_ip_address": "10.0.1.4",
                "private_ip_address_allocation": "Dynamic",
                "private_ip_address_version": "IPv4",
                "public_ip_address_id": "/subscriptions/e8ec2c3f-9657-4da9-a8c6-d469e49d6608/resourceGroups/nginx-rg/providers/Microsoft.Network/publicIPAddresses/publicip019",
                "subnet_id": "/subscriptions/e8ec2c3f-9657-4da9-a8c6-d469e49d6608/resourceGroups/nginx-rg/providers/Microsoft.Network/virtualNetworks/vnetprod019/subnets/subnet019"
              }
            ],
            "location": "westeurope",
            "mac_address": "00-0D-3A-C2-16-2C",
            "name": "nicprod019",
            "private_ip_address": "10.0.1.4",
            "private_ip_addresses": [
              "10.0.1.4"
            ],
            "resource_group_name": "nginx-rg",
            "tags": {
              "environment": "test"
            },
            "timeouts": null,
            "virtual_machine_id": "/subscriptions/e8ec2c3f-9657-4da9-a8c6-d469e49d6608/resourceGroups/nginx-rg/providers/Microsoft.Compute/virtualMachines/linuxvm019"
          },
          "sensitive_attributes": [],
          "private": "eyJlMmJmYjczMC1lY2FhLTExZTYtOGY4OC0zNDM2M2JjN2M0YzAiOnsiY3JlYXRlIjoxODAwMDAwMDAwMDAwLCJkZWxldGUiOjE4MDAwMDAwMDAwMDAsInJlYWQiOjMwMDAwMDAwMDAwMCwidXBkYXRlIjoxODAwMDAwMDAwMDAwfX0=",
          "dependencies": [
            "azurerm_public_ip.public_ip",
            "azurerm_resource_group.rg",
            "azurerm_subnet.subnet",
            "azurerm_virtual_network.vnet"
          ]
        }
      ]
    },
    {
      "mode": "managed",
      "type": "azurerm_network_interface_security_group_association",
      "name": "association",
      "provider": "provider[\"registry.terraform.io/hashicorp/azurerm\"]",
      "instances": [
        {
          "schema_version": 0,
          "attributes": {
            "id": "/subscriptions/e8ec2c3f-9657-4da9-a8c6-d469e49d6608/resourceGroups/nginx-rg/providers/Microsoft.Network/networkInterfaces/nicprod019|/subscriptions/e8ec2c3f-9657-4da9-a8c6-d469e49d6608/resourceGroups/nginx-rg/providers/Microsoft.Network/networkSecurityGroups/nsgprod019",
            "network_interface_id": "/subscriptions/e8ec2c3f-9657-4da9-a8c6-d469e49d6608/resourceGroups/nginx-rg/providers/Microsoft.Network/networkInterfaces/nicprod019",
            "network_security_group_id": "/subscriptions/e8ec2c3f-9657-4da9-a8c6-d469e49d6608/resourceGroups/nginx-rg/providers/Microsoft.Network/networkSecurityGroups/nsgprod019",
            "timeouts": null
          },
          "sensitive_attributes": [],
          "private": "eyJlMmJmYjczMC1lY2FhLTExZTYtOGY4OC0zNDM2M2JjN2M0YzAiOnsiY3JlYXRlIjoxODAwMDAwMDAwMDAwLCJkZWxldGUiOjE4MDAwMDAwMDAwMDAsInJlYWQiOjMwMDAwMDAwMDAwMCwidXBkYXRlIjoxODAwMDAwMDAwMDAwfX0=",
          "dependencies": [
            "azurerm_network_interface.nic",
            "azurerm_network_security_group.nsg",
            "azurerm_public_ip.public_ip",
            "azurerm_resource_group.rg",
            "azurerm_subnet.subnet",
            "azurerm_virtual_network.vnet"
          ]
        }
      ]
    },
    {
      "mode": "managed",
      "type": "azurerm_network_security_group",
      "name": "nsg",
      "provider": "provider[\"registry.terraform.io/hashicorp/azurerm\"]",
      "instances": [
        {
          "schema_version": 0,
          "attributes": {
            "id": "/subscriptions/e8ec2c3f-9657-4da9-a8c6-d469e49d6608/resourceGroups/nginx-rg/providers/Microsoft.Network/networkSecurityGroups/nsgprod019",
            "location": "westeurope",
            "name": "nsgprod019",
            "resource_group_name": "nginx-rg",
            "security_rule": [
              {
                "access": "Allow",
                "description": "",
                "destination_address_prefix": "*",
                "destination_address_prefixes": [],
                "destination_application_security_group_ids": [],
                "destination_port_range": "22",
                "destination_port_ranges": [],
                "direction": "Inbound",
                "name": "SSH",
                "priority": 1001,
                "protocol": "Tcp",
                "source_address_prefix": "*",
                "source_address_prefixes": [],
                "source_application_security_group_ids": [],
                "source_port_range": "*",
                "source_port_ranges": []
              }
            ],
            "tags": {
              "environment": "test"
            },
            "timeouts": null
          },
          "sensitive_attributes": [],
          "private": "eyJlMmJmYjczMC1lY2FhLTExZTYtOGY4OC0zNDM2M2JjN2M0YzAiOnsiY3JlYXRlIjoxODAwMDAwMDAwMDAwLCJkZWxldGUiOjE4MDAwMDAwMDAwMDAsInJlYWQiOjMwMDAwMDAwMDAwMCwidXBkYXRlIjoxODAwMDAwMDAwMDAwfX0=",
          "dependencies": [
            "azurerm_resource_group.rg"
          ]
        }
      ]
    },
    {
      "mode": "managed",
      "type": "azurerm_public_ip",
      "name": "public_ip",
      "provider": "provider[\"registry.terraform.io/hashicorp/azurerm\"]",
      "instances": [
        {
          "schema_version": 0,
          "attributes": {
            "allocation_method": "Dynamic",
            "availability_zone": "No-Zone",
            "domain_name_label": null,
            "fqdn": null,
            "id": "/subscriptions/e8ec2c3f-9657-4da9-a8c6-d469e49d6608/resourceGroups/nginx-rg/providers/Microsoft.Network/publicIPAddresses/publicip019",
            "idle_timeout_in_minutes": 4,
            "ip_address": "20.101.104.37",
            "ip_tags": {},
            "ip_version": "IPv4",
            "location": "westeurope",
            "name": "publicip019",
            "public_ip_prefix_id": null,
            "resource_group_name": "nginx-rg",
            "reverse_fqdn": null,
            "sku": "Basic",
            "sku_tier": "Regional",
            "tags": {
              "environment": "test"
            },
            "timeouts": null,
            "zones": []
          },
          "sensitive_attributes": [],
          "private": "eyJlMmJmYjczMC1lY2FhLTExZTYtOGY4OC0zNDM2M2JjN2M0YzAiOnsiY3JlYXRlIjoxODAwMDAwMDAwMDAwLCJkZWxldGUiOjE4MDAwMDAwMDAwMDAsInJlYWQiOjMwMDAwMDAwMDAwMCwidXBkYXRlIjoxODAwMDAwMDAwMDAwfX0=",
          "dependencies": [
            "azurerm_resource_group.rg"
          ]
        }
      ]
    },
    {
      "mode": "managed",
      "type": "azurerm_resource_group",
      "name": "rg",
      "provider": "provider[\"registry.terraform.io/hashicorp/azurerm\"]",
      "instances": [
        {
          "schema_version": 0,
          "attributes": {
            "id": "/subscriptions/e8ec2c3f-9657-4da9-a8c6-d469e49d6608/resourceGroups/nginx-rg",
            "location": "westeurope",
            "name": "nginx-rg",
            "tags": {
              "environment": "test"
            },
            "timeouts": null
          },
          "sensitive_attributes": [],
          "private": "eyJlMmJmYjczMC1lY2FhLTExZTYtOGY4OC0zNDM2M2JjN2M0YzAiOnsiY3JlYXRlIjo1NDAwMDAwMDAwMDAwLCJkZWxldGUiOjU0MDAwMDAwMDAwMDAsInJlYWQiOjMwMDAwMDAwMDAwMCwidXBkYXRlIjo1NDAwMDAwMDAwMDAwfX0="
        }
      ]
    },
    {
      "mode": "managed",
      "type": "azurerm_storage_account",
      "name": "storage",
      "provider": "provider[\"registry.terraform.io/hashicorp/azurerm\"]",
      "instances": [
        {
          "schema_version": 2,
          "attributes": {
            "access_tier": "Hot",
            "account_kind": "StorageV2",
            "account_replication_type": "LRS",
            "account_tier": "Standard",
            "allow_blob_public_access": false,
            "azure_files_authentication": [],
            "blob_properties": [
              {
                "change_feed_enabled": false,
                "container_delete_retention_policy": [],
                "cors_rule": [],
                "default_service_version": "",
                "delete_retention_policy": [],
                "last_access_time_enabled": false,
                "versioning_enabled": false
              }
            ],
            "custom_domain": [],
            "enable_https_traffic_only": true,
            "id": "/subscriptions/e8ec2c3f-9657-4da9-a8c6-d469e49d6608/resourceGroups/nginx-rg/providers/Microsoft.Storage/storageAccounts/diag3c097dc0500a02dc",
            "identity": [],
            "is_hns_enabled": false,
            "large_file_share_enabled": null,
            "location": "westeurope",
            "min_tls_version": "TLS1_0",
            "name": "diag3c097dc0500a02dc",
            "network_rules": [
              {
                "bypass": [
                  "AzureServices"
                ],
                "default_action": "Allow",
                "ip_rules": [],
                "private_link_access": [],
                "virtual_network_subnet_ids": []
              }
            ],
            "nfsv3_enabled": false,
            "primary_access_key": "RImyGvASRP55UEe0jstwSlly7pgvT9atqF1galre15rnGQyyaCKhQqL8Gn1aESYizGktvEghadD6+AStMtUKbQ==",
            "primary_blob_connection_string": "DefaultEndpointsProtocol=https;BlobEndpoint=https://diag3c097dc0500a02dc.blob.core.windows.net/;AccountName=diag3c097dc0500a02dc;AccountKey=RImyGvASRP55UEe0jstwSlly7pgvT9atqF1galre15rnGQyyaCKhQqL8Gn1aESYizGktvEghadD6+AStMtUKbQ==",
            "primary_blob_endpoint": "https://diag3c097dc0500a02dc.blob.core.windows.net/",
            "primary_blob_host": "diag3c097dc0500a02dc.blob.core.windows.net",
            "primary_connection_string": "DefaultEndpointsProtocol=https;AccountName=diag3c097dc0500a02dc;AccountKey=RImyGvASRP55UEe0jstwSlly7pgvT9atqF1galre15rnGQyyaCKhQqL8Gn1aESYizGktvEghadD6+AStMtUKbQ==;EndpointSuffix=core.windows.net",
            "primary_dfs_endpoint": "https://diag3c097dc0500a02dc.dfs.core.windows.net/",
            "primary_dfs_host": "diag3c097dc0500a02dc.dfs.core.windows.net",
            "primary_file_endpoint": "https://diag3c097dc0500a02dc.file.core.windows.net/",
            "primary_file_host": "diag3c097dc0500a02dc.file.core.windows.net",
            "primary_location": "westeurope",
            "primary_queue_endpoint": "https://diag3c097dc0500a02dc.queue.core.windows.net/",
            "primary_queue_host": "diag3c097dc0500a02dc.queue.core.windows.net",
            "primary_table_endpoint": "https://diag3c097dc0500a02dc.table.core.windows.net/",
            "primary_table_host": "diag3c097dc0500a02dc.table.core.windows.net",
            "primary_web_endpoint": "https://diag3c097dc0500a02dc.z6.web.core.windows.net/",
            "primary_web_host": "diag3c097dc0500a02dc.z6.web.core.windows.net",
            "queue_properties": [
              {
                "cors_rule": [],
                "hour_metrics": [
                  {
                    "enabled": true,
                    "include_apis": true,
                    "retention_policy_days": 7,
                    "version": "1.0"
                  }
                ],
                "logging": [
                  {
                    "delete": false,
                    "read": false,
                    "retention_policy_days": 0,
                    "version": "1.0",
                    "write": false
                  }
                ],
                "minute_metrics": [
                  {
                    "enabled": false,
                    "include_apis": false,
                    "retention_policy_days": 0,
                    "version": "1.0"
                  }
                ]
              }
            ],
            "resource_group_name": "nginx-rg",
            "routing": [],
            "secondary_access_key": "IDm3IJSuB+kWvFVqdf0ia8pNoPeaB3W5996julh3gDib9Hdw0sL7tx0VHdkUYInyE20Dr9U7XlKL+AStgCRWqA==",
            "secondary_blob_connection_string": "",
            "secondary_blob_endpoint": null,
            "secondary_blob_host": null,
            "secondary_connection_string": "DefaultEndpointsProtocol=https;AccountName=diag3c097dc0500a02dc;AccountKey=IDm3IJSuB+kWvFVqdf0ia8pNoPeaB3W5996julh3gDib9Hdw0sL7tx0VHdkUYInyE20Dr9U7XlKL+AStgCRWqA==;EndpointSuffix=core.windows.net",
            "secondary_dfs_endpoint": null,
            "secondary_dfs_host": null,
            "secondary_file_endpoint": null,
            "secondary_file_host": null,
            "secondary_location": "",
            "secondary_queue_endpoint": null,
            "secondary_queue_host": null,
            "secondary_table_endpoint": null,
            "secondary_table_host": null,
            "secondary_web_endpoint": null,
            "secondary_web_host": null,
            "share_properties": [
              {
                "cors_rule": [],
                "retention_policy": [
                  {
                    "days": 7
                  }
                ],
                "smb": []
              }
            ],
            "shared_access_key_enabled": true,
            "static_website": [],
            "tags": {
              "environment": "test"
            },
            "timeouts": null
          },
          "sensitive_attributes": [],
          "private": "eyJlMmJmYjczMC1lY2FhLTExZTYtOGY4OC0zNDM2M2JjN2M0YzAiOnsiY3JlYXRlIjozNjAwMDAwMDAwMDAwLCJkZWxldGUiOjM2MDAwMDAwMDAwMDAsInJlYWQiOjMwMDAwMDAwMDAwMCwidXBkYXRlIjozNjAwMDAwMDAwMDAwfSwic2NoZW1hX3ZlcnNpb24iOiIyIn0=",
          "dependencies": [
            "azurerm_resource_group.rg",
            "random_id.randomId"
          ]
        }
      ]
    },
    {
      "mode": "managed",
      "type": "azurerm_subnet",
      "name": "subnet",
      "provider": "provider[\"registry.terraform.io/hashicorp/azurerm\"]",
      "instances": [
        {
          "schema_version": 0,
          "attributes": {
            "address_prefix": "10.0.1.0/24",
            "address_prefixes": [
              "10.0.1.0/24"
            ],
            "delegation": [],
            "enforce_private_link_endpoint_network_policies": false,
            "enforce_private_link_service_network_policies": false,
            "id": "/subscriptions/e8ec2c3f-9657-4da9-a8c6-d469e49d6608/resourceGroups/nginx-rg/providers/Microsoft.Network/virtualNetworks/vnetprod019/subnets/subnet019",
            "name": "subnet019",
            "resource_group_name": "nginx-rg",
            "service_endpoint_policy_ids": [],
            "service_endpoints": [],
            "timeouts": null,
            "virtual_network_name": "vnetprod019"
          },
          "sensitive_attributes": [],
          "private": "eyJlMmJmYjczMC1lY2FhLTExZTYtOGY4OC0zNDM2M2JjN2M0YzAiOnsiY3JlYXRlIjoxODAwMDAwMDAwMDAwLCJkZWxldGUiOjE4MDAwMDAwMDAwMDAsInJlYWQiOjMwMDAwMDAwMDAwMCwidXBkYXRlIjoxODAwMDAwMDAwMDAwfX0=",
          "dependencies": [
            "azurerm_resource_group.rg",
            "azurerm_virtual_network.vnet"
          ]
        }
      ]
    },
    {
      "mode": "managed",
      "type": "azurerm_virtual_machine_extension",
      "name": "customscript",
      "provider": "provider[\"registry.terraform.io/hashicorp/azurerm\"]",
      "instances": [
        {
          "schema_version": 0,
          "attributes": {
            "auto_upgrade_minor_version": false,
            "id": "/subscriptions/e8ec2c3f-9657-4da9-a8c6-d469e49d6608/resourceGroups/nginx-rg/providers/Microsoft.Compute/virtualMachines/linuxvm019/extensions/linuxvm019",
            "name": "linuxvm019",
            "protected_settings": null,
            "publisher": "Microsoft.Azure.Extensions",
            "settings": "{\"script\":\"IyEvYmluL2Jhc2gKIyBJbnN0YWxsIHNjcmlwdHMgZm9yIGRvY2tlciBuZ2lueCBjb250YWluZXIKIyBSZWZlcmVuY2U6IGh0dHBzOi8vd3d3LmRpZ2l0YWxvY2Vhbi5jb20vY29tbXVuaXR5L3R1dG9yaWFscy9ob3ctdG8taW5zdGFsbC1hbmQtdXNlLWRvY2tlci1vbi11YnVudHUtMTYtMDQKCiMgQWRkcyB0aGUgR1BHIGtleSBmb3IgdGhlIG9mZmljaWFsIERvY2tlciByZXBvc2l0b3J5IHRvIHRoZSBzeXN0ZW0KY3VybCAtZnNTTCBodHRwczovL2Rvd25sb2FkLmRvY2tlci5jb20vbGludXgvdWJ1bnR1L2dwZyB8IHN1ZG8gYXB0LWtleSBhZGQgLQoKIyBBZGQgRG9ja2VyIHJlcG9zaXRvcnkgdG8gQVBUIHNvdXJjZXMKYWRkLWFwdC1yZXBvc2l0b3J5ICJkZWIgW2FyY2g9YW1kNjRdIGh0dHBzOi8vcmVnaXN0cnkuaHViLmRvY2tlci5jb20vXy9uZ2lueC8iCgojIFVwZGF0ZSB0aGUgcGFja2FnZXMKYXB0LWdldCB1cGRhdGUKCiMgTWFraW5nIHN1cmUgaW5zdGFsbGluZyBEb2NrZXIgZnJvbSBSZXBvIGluc3RlYWQgb2YgZGVmYXVsdCBVYnVudHUgMTYuMDQgcmVwbwphcHQtY2FjaGUgcG9saWN5IGRvY2tlci1jZQoKIyBJbnN0YWxsIERvY2tlciBDb21tdW5pdHkgRWRpdGlvbgphcHQtZ2V0IGluc3RhbGwgLXkgZG9ja2VyLWNlCgojIFB1bGwgdGhlIGxhc3Rlc3QgTmdpbnggaW1hZ2UKZG9ja2VyIHB1bGwgbmdpbng6bGF0ZXN0CgojIFJ1biB0aGUgbmdpbnggY29udGFpbmVyIG9uIHBvcnQgODAKZG9ja2VyIHJ1biAtZCAtcCA4MDo4MCAtLW5hbWUgbmdpbnggbmdpbng=\"}",
            "tags": {},
            "timeouts": null,
            "type": "CustomScript",
            "type_handler_version": "2.0",
            "virtual_machine_id": "/subscriptions/e8ec2c3f-9657-4da9-a8c6-d469e49d6608/resourceGroups/nginx-rg/providers/Microsoft.Compute/virtualMachines/linuxvm019"
          },
          "sensitive_attributes": [],
          "private": "eyJlMmJmYjczMC1lY2FhLTExZTYtOGY4OC0zNDM2M2JjN2M0YzAiOnsiY3JlYXRlIjoxODAwMDAwMDAwMDAwLCJkZWxldGUiOjE4MDAwMDAwMDAwMDAsInJlYWQiOjMwMDAwMDAwMDAwMCwidXBkYXRlIjoxODAwMDAwMDAwMDAwfX0=",
          "dependencies": [
            "azurerm_linux_virtual_machine.linuxvm",
            "azurerm_network_interface.nic",
            "azurerm_public_ip.public_ip",
            "azurerm_resource_group.rg",
            "azurerm_subnet.subnet",
            "azurerm_virtual_network.vnet"
          ]
        }
      ]
    },
    {
      "mode": "managed",
      "type": "azurerm_virtual_network",
      "name": "vnet",
      "provider": "provider[\"registry.terraform.io/hashicorp/azurerm\"]",
      "instances": [
        {
          "schema_version": 0,
          "attributes": {
            "address_space": [
              "10.0.0.0/16"
            ],
            "bgp_community": "",
            "ddos_protection_plan": [],
            "dns_servers": [],
            "guid": "48a6c352-4572-4456-b73f-ab57b301d567",
            "id": "/subscriptions/e8ec2c3f-9657-4da9-a8c6-d469e49d6608/resourceGroups/nginx-rg/providers/Microsoft.Network/virtualNetworks/vnetprod019",
            "location": "westeurope",
            "name": "vnetprod019",
            "resource_group_name": "nginx-rg",
            "subnet": [
              {
                "address_prefix": "10.0.1.0/24",
                "id": "/subscriptions/e8ec2c3f-9657-4da9-a8c6-d469e49d6608/resourceGroups/nginx-rg/providers/Microsoft.Network/virtualNetworks/vnetprod019/subnets/subnet019",
                "name": "subnet019",
                "security_group": ""
              }
            ],
            "tags": {
              "environment": "production"
            },
            "timeouts": null,
            "vm_protection_enabled": false
          },
          "sensitive_attributes": [],
          "private": "eyJlMmJmYjczMC1lY2FhLTExZTYtOGY4OC0zNDM2M2JjN2M0YzAiOnsiY3JlYXRlIjoxODAwMDAwMDAwMDAwLCJkZWxldGUiOjE4MDAwMDAwMDAwMDAsInJlYWQiOjMwMDAwMDAwMDAwMCwidXBkYXRlIjoxODAwMDAwMDAwMDAwfX0=",
          "dependencies": [
            "azurerm_resource_group.rg"
          ]
        }
      ]
    },
    {
      "mode": "managed",
      "type": "random_id",
      "name": "randomId",
      "provider": "provider[\"registry.terraform.io/hashicorp/random\"]",
      "instances": [
        {
          "schema_version": 0,
          "attributes": {
            "b64_std": "PAl9wFAKAtw=",
            "b64_url": "PAl9wFAKAtw",
            "byte_length": 8,
            "dec": "4326127181996098268",
            "hex": "3c097dc0500a02dc",
            "id": "PAl9wFAKAtw",
            "keepers": {
              "resource_group": "nginx-rg"
            },
            "prefix": null
          },
          "sensitive_attributes": [],
          "private": "bnVsbA==",
          "dependencies": [
            "azurerm_resource_group.rg"
          ]
        }
      ]
    }
  ]
}
